<?xml version="1.0" encoding="utf-8"?>
<Project ToolsVersion="4.0" xmlns="http://schemas.microsoft.com/developer/msbuild/2003">
  <ItemGroup>
    <ClCompile Include="AppClass.cpp">
      <Filter>Source Files</Filter>
    </ClCompile>
    <ClCompile Include="AppClassControls.cpp">
      <Filter>Source Files</Filter>
    </ClCompile>
    <ClCompile Include="Main.cpp">
      <Filter>Source Files</Filter>
    </ClCompile>
  </ItemGroup>
  <ItemGroup>
    <ClInclude Include="AppClass.h">
      <Filter>Header Files</Filter>
    </ClInclude>
    <ClInclude Include="..\res\Resource.h">
      <Filter>Resource files</Filter>
    </ClInclude>
  </ItemGroup>
  <ItemGroup>
    <Filter Include="Header Files">
      <UniqueIdentifier>{cc7ca387-b4d3-4eec-aca6-16c26206a8b2}</UniqueIdentifier>
    </Filter>
    <Filter Include="Resource files">
      <UniqueIdentifier>{a48191fe-5edf-4035-9e39-57815cf43016}</UniqueIdentifier>
    </Filter>
    <Filter Include="Source Files">
      <UniqueIdentifier>{9436c529-6a81-4656-b3cb-57edbc27fe72}</UniqueIdentifier>
    </Filter>
  </ItemGroup>
  <ItemGroup>
    <ResourceCompile Include="..\res\BTO.rc">
      <Filter>Resource files</Filter>
    </ResourceCompile>
  </ItemGroup>
</Project>